// !$*UTF8*$!
{
	archiveVersion = 1;
	classes = {
	};
	objectVersion = 56;
	objects = {

/* Begin PBXBuildFile section */
		8D4E81F728D59BD700DD414D /* AppDelegate.swift in Sources */ = {isa = PBXBuildFile; fileRef = 8D4E81F628D59BD700DD414D /* AppDelegate.swift */; };
		8D4E81F928D59BD700DD414D /* SceneDelegate.swift in Sources */ = {isa = PBXBuildFile; fileRef = 8D4E81F828D59BD700DD414D /* SceneDelegate.swift */; };
		8D4E81FB28D59BD700DD414D /* ViewController.swift in Sources */ = {isa = PBXBuildFile; fileRef = 8D4E81FA28D59BD700DD414D /* ViewController.swift */; };
		8D4E81FE28D59BD700DD414D /* Main.storyboard in Resources */ = {isa = PBXBuildFile; fileRef = 8D4E81FC28D59BD700DD414D /* Main.storyboard */; };
		8D4E820028D59BD700DD414D /* Assets.xcassets in Resources */ = {isa = PBXBuildFile; fileRef = 8D4E81FF28D59BD700DD414D /* Assets.xcassets */; };
		8D4E820328D59BD700DD414D /* LaunchScreen.storyboard in Resources */ = {isa = PBXBuildFile; fileRef = 8D4E820128D59BD700DD414D /* LaunchScreen.storyboard */; };
		8D4E820E28D59BD700DD414D /* EcoFitTests.swift in Sources */ = {isa = PBXBuildFile; fileRef = 8D4E820D28D59BD700DD414D /* EcoFitTests.swift */; };
		8D4E821828D59BD800DD414D /* EcoFitUITests.swift in Sources */ = {isa = PBXBuildFile; fileRef = 8D4E821728D59BD800DD414D /* EcoFitUITests.swift */; };
		8D4E821A28D59BD800DD414D /* EcoFitUITestsLaunchTests.swift in Sources */ = {isa = PBXBuildFile; fileRef = 8D4E821928D59BD800DD414D /* EcoFitUITestsLaunchTests.swift */; };
		8D4E822828D5AA0700DD414D /* QuestTableVC.swift in Sources */ = {isa = PBXBuildFile; fileRef = 8D4E822728D5AA0700DD414D /* QuestTableVC.swift */; };
		8D4E822C28D5AC6C00DD414D /* QuestData.swift in Sources */ = {isa = PBXBuildFile; fileRef = 8D4E822B28D5AC6C00DD414D /* QuestData.swift */; };
		8D4E822E28D5B06400DD414D /* QuestCell.swift in Sources */ = {isa = PBXBuildFile; fileRef = 8D4E822D28D5B06400DD414D /* QuestCell.swift */; };
		8D70000328D5D80E00085E03 /* DetailVC.swift in Sources */ = {isa = PBXBuildFile; fileRef = 8D70000228D5D80E00085E03 /* DetailVC.swift */; };
		8D70000728D5F13D00085E03 /* ItemCollectionVC.swift in Sources */ = {isa = PBXBuildFile; fileRef = 8D70000628D5F13D00085E03 /* ItemCollectionVC.swift */; };
		8D70000928D6430100085E03 /* ProfileVC.swift in Sources */ = {isa = PBXBuildFile; fileRef = 8D70000828D6430100085E03 /* ProfileVC.swift */; };
		8D70001528D6461400085E03 /* NanumGothic.ttf in Resources */ = {isa = PBXBuildFile; fileRef = 8D70001328D6461400085E03 /* NanumGothic.ttf */; };
		8D70001628D6461400085E03 /* NanumGothicBold.ttf in Resources */ = {isa = PBXBuildFile; fileRef = 8D70001428D6461400085E03 /* NanumGothicBold.ttf */; };
		8D70001828D6519A00085E03 /* GridCollectionViewCell.swift in Sources */ = {isa = PBXBuildFile; fileRef = 8D70001728D6519A00085E03 /* GridCollectionViewCell.swift */; };
/* End PBXBuildFile section */

/* Begin PBXContainerItemProxy section */
		8D4E820A28D59BD700DD414D /* PBXContainerItemProxy */ = {
			isa = PBXContainerItemProxy;
			containerPortal = 8D4E81EB28D59BD700DD414D /* Project object */;
			proxyType = 1;
			remoteGlobalIDString = 8D4E81F228D59BD700DD414D;
			remoteInfo = EcoFit;
		};
		8D4E821428D59BD800DD414D /* PBXContainerItemProxy */ = {
			isa = PBXContainerItemProxy;
			containerPortal = 8D4E81EB28D59BD700DD414D /* Project object */;
			proxyType = 1;
			remoteGlobalIDString = 8D4E81F228D59BD700DD414D;
			remoteInfo = EcoFit;
		};
/* End PBXContainerItemProxy section */

/* Begin PBXFileReference section */
		8D4E81F328D59BD700DD414D /* EcoFit.app */ = {isa = PBXFileReference; explicitFileType = wrapper.application; includeInIndex = 0; path = EcoFit.app; sourceTree = BUILT_PRODUCTS_DIR; };
		8D4E81F628D59BD700DD414D /* AppDelegate.swift */ = {isa = PBXFileReference; lastKnownFileType = sourcecode.swift; path = AppDelegate.swift; sourceTree = "<group>"; };
		8D4E81F828D59BD700DD414D /* SceneDelegate.swift */ = {isa = PBXFileReference; lastKnownFileType = sourcecode.swift; path = SceneDelegate.swift; sourceTree = "<group>"; };
		8D4E81FA28D59BD700DD414D /* ViewController.swift */ = {isa = PBXFileReference; lastKnownFileType = sourcecode.swift; path = ViewController.swift; sourceTree = "<group>"; };
		8D4E81FD28D59BD700DD414D /* Base */ = {isa = PBXFileReference; lastKnownFileType = file.storyboard; name = Base; path = Base.lproj/Main.storyboard; sourceTree = "<group>"; };
		8D4E81FF28D59BD700DD414D /* Assets.xcassets */ = {isa = PBXFileReference; lastKnownFileType = folder.assetcatalog; path = Assets.xcassets; sourceTree = "<group>"; };
		8D4E820228D59BD700DD414D /* Base */ = {isa = PBXFileReference; lastKnownFileType = file.storyboard; name = Base; path = Base.lproj/LaunchScreen.storyboard; sourceTree = "<group>"; };
		8D4E820428D59BD700DD414D /* Info.plist */ = {isa = PBXFileReference; lastKnownFileType = text.plist.xml; path = Info.plist; sourceTree = "<group>"; };
		8D4E820928D59BD700DD414D /* EcoFitTests.xctest */ = {isa = PBXFileReference; explicitFileType = wrapper.cfbundle; includeInIndex = 0; path = EcoFitTests.xctest; sourceTree = BUILT_PRODUCTS_DIR; };
		8D4E820D28D59BD700DD414D /* EcoFitTests.swift */ = {isa = PBXFileReference; lastKnownFileType = sourcecode.swift; path = EcoFitTests.swift; sourceTree = "<group>"; };
		8D4E821328D59BD800DD414D /* EcoFitUITests.xctest */ = {isa = PBXFileReference; explicitFileType = wrapper.cfbundle; includeInIndex = 0; path = EcoFitUITests.xctest; sourceTree = BUILT_PRODUCTS_DIR; };
		8D4E821728D59BD800DD414D /* EcoFitUITests.swift */ = {isa = PBXFileReference; lastKnownFileType = sourcecode.swift; path = EcoFitUITests.swift; sourceTree = "<group>"; };
		8D4E821928D59BD800DD414D /* EcoFitUITestsLaunchTests.swift */ = {isa = PBXFileReference; lastKnownFileType = sourcecode.swift; path = EcoFitUITestsLaunchTests.swift; sourceTree = "<group>"; };
		8D4E822728D5AA0700DD414D /* QuestTableVC.swift */ = {isa = PBXFileReference; lastKnownFileType = sourcecode.swift; path = QuestTableVC.swift; sourceTree = "<group>"; };
		8D4E822B28D5AC6C00DD414D /* QuestData.swift */ = {isa = PBXFileReference; lastKnownFileType = sourcecode.swift; path = QuestData.swift; sourceTree = "<group>"; };
		8D4E822D28D5B06400DD414D /* QuestCell.swift */ = {isa = PBXFileReference; lastKnownFileType = sourcecode.swift; path = QuestCell.swift; sourceTree = "<group>"; };
		8D70000228D5D80E00085E03 /* DetailVC.swift */ = {isa = PBXFileReference; lastKnownFileType = sourcecode.swift; path = DetailVC.swift; sourceTree = "<group>"; };
		8D70000628D5F13D00085E03 /* ItemCollectionVC.swift */ = {isa = PBXFileReference; lastKnownFileType = sourcecode.swift; path = ItemCollectionVC.swift; sourceTree = "<group>"; };
		8D70000828D6430100085E03 /* ProfileVC.swift */ = {isa = PBXFileReference; lastKnownFileType = sourcecode.swift; path = ProfileVC.swift; sourceTree = "<group>"; };
		8D70001328D6461400085E03 /* NanumGothic.ttf */ = {isa = PBXFileReference; lastKnownFileType = file; path = NanumGothic.ttf; sourceTree = "<group>"; };
		8D70001428D6461400085E03 /* NanumGothicBold.ttf */ = {isa = PBXFileReference; lastKnownFileType = file; path = NanumGothicBold.ttf; sourceTree = "<group>"; };
		8D70001728D6519A00085E03 /* GridCollectionViewCell.swift */ = {isa = PBXFileReference; lastKnownFileType = sourcecode.swift; path = GridCollectionViewCell.swift; sourceTree = "<group>"; };
/* End PBXFileReference section */

/* Begin PBXFrameworksBuildPhase section */
		8D4E81F028D59BD700DD414D /* Frameworks */ = {
			isa = PBXFrameworksBuildPhase;
			buildActionMask = 2147483647;
			files = (
			);
			runOnlyForDeploymentPostprocessing = 0;
		};
		8D4E820628D59BD700DD414D /* Frameworks */ = {
			isa = PBXFrameworksBuildPhase;
			buildActionMask = 2147483647;
			files = (
			);
			runOnlyForDeploymentPostprocessing = 0;
		};
		8D4E821028D59BD800DD414D /* Frameworks */ = {
			isa = PBXFrameworksBuildPhase;
			buildActionMask = 2147483647;
			files = (
			);
			runOnlyForDeploymentPostprocessing = 0;
		};
/* End PBXFrameworksBuildPhase section */

/* Begin PBXGroup section */
		8D4E81EA28D59BD700DD414D = {
			isa = PBXGroup;
			children = (
				8D70001728D6519A00085E03 /* GridCollectionViewCell.swift */,
				8D4E81F528D59BD700DD414D /* EcoFit */,
				8D4E820C28D59BD700DD414D /* EcoFitTests */,
				8D4E821628D59BD800DD414D /* EcoFitUITests */,
				8D4E81F428D59BD700DD414D /* Products */,
			);
			sourceTree = "<group>";
		};
		8D4E81F428D59BD700DD414D /* Products */ = {
			isa = PBXGroup;
			children = (
				8D4E81F328D59BD700DD414D /* EcoFit.app */,
				8D4E820928D59BD700DD414D /* EcoFitTests.xctest */,
				8D4E821328D59BD800DD414D /* EcoFitUITests.xctest */,
			);
			name = Products;
			sourceTree = "<group>";
		};
		8D4E81F528D59BD700DD414D /* EcoFit */ = {
			isa = PBXGroup;
			children = (
				8D70000A28D6453700085E03 /* Font */,
				8D4E822628D5A9EB00DD414D /* VC */,
				8D4E81F628D59BD700DD414D /* AppDelegate.swift */,
				8D4E822B28D5AC6C00DD414D /* QuestData.swift */,
				8D4E81F828D59BD700DD414D /* SceneDelegate.swift */,
				8D4E81FC28D59BD700DD414D /* Main.storyboard */,
				8D4E81FF28D59BD700DD414D /* Assets.xcassets */,
				8D4E820128D59BD700DD414D /* LaunchScreen.storyboard */,
				8D4E820428D59BD700DD414D /* Info.plist */,
				8D4E822D28D5B06400DD414D /* QuestCell.swift */,
			);
			path = EcoFit;
			sourceTree = "<group>";
		};
		8D4E820C28D59BD700DD414D /* EcoFitTests */ = {
			isa = PBXGroup;
			children = (
				8D4E820D28D59BD700DD414D /* EcoFitTests.swift */,
			);
			path = EcoFitTests;
			sourceTree = "<group>";
		};
		8D4E821628D59BD800DD414D /* EcoFitUITests */ = {
			isa = PBXGroup;
			children = (
				8D4E821728D59BD800DD414D /* EcoFitUITests.swift */,
				8D4E821928D59BD800DD414D /* EcoFitUITestsLaunchTests.swift */,
			);
			path = EcoFitUITests;
			sourceTree = "<group>";
		};
		8D4E822628D5A9EB00DD414D /* VC */ = {
			isa = PBXGroup;
			children = (
				8D70000628D5F13D00085E03 /* ItemCollectionVC.swift */,
				8D4E81FA28D59BD700DD414D /* ViewController.swift */,
				8D70000228D5D80E00085E03 /* DetailVC.swift */,
				8D4E822728D5AA0700DD414D /* QuestTableVC.swift */,
				8D70000828D6430100085E03 /* ProfileVC.swift */,
			);
			path = VC;
			sourceTree = "<group>";
		};
		8D70000A28D6453700085E03 /* Font */ = {
			isa = PBXGroup;
			children = (
				8D70001328D6461400085E03 /* NanumGothic.ttf */,
				8D70001428D6461400085E03 /* NanumGothicBold.ttf */,
			);
			path = Font;
			sourceTree = "<group>";
		};
/* End PBXGroup section */

/* Begin PBXNativeTarget section */
		8D4E81F228D59BD700DD414D /* EcoFit */ = {
			isa = PBXNativeTarget;
			buildConfigurationList = 8D4E821D28D59BD800DD414D /* Build configuration list for PBXNativeTarget "EcoFit" */;
			buildPhases = (
				8D4E81EF28D59BD700DD414D /* Sources */,
				8D4E81F028D59BD700DD414D /* Frameworks */,
				8D4E81F128D59BD700DD414D /* Resources */,
			);
			buildRules = (
			);
			dependencies = (
			);
			name = EcoFit;
			productName = EcoFit;
			productReference = 8D4E81F328D59BD700DD414D /* EcoFit.app */;
			productType = "com.apple.product-type.application";
		};
		8D4E820828D59BD700DD414D /* EcoFitTests */ = {
			isa = PBXNativeTarget;
			buildConfigurationList = 8D4E822028D59BD800DD414D /* Build configuration list for PBXNativeTarget "EcoFitTests" */;
			buildPhases = (
				8D4E820528D59BD700DD414D /* Sources */,
				8D4E820628D59BD700DD414D /* Frameworks */,
				8D4E820728D59BD700DD414D /* Resources */,
			);
			buildRules = (
			);
			dependencies = (
				8D4E820B28D59BD700DD414D /* PBXTargetDependency */,
			);
			name = EcoFitTests;
			productName = EcoFitTests;
			productReference = 8D4E820928D59BD700DD414D /* EcoFitTests.xctest */;
			productType = "com.apple.product-type.bundle.unit-test";
		};
		8D4E821228D59BD800DD414D /* EcoFitUITests */ = {
			isa = PBXNativeTarget;
			buildConfigurationList = 8D4E822328D59BD800DD414D /* Build configuration list for PBXNativeTarget "EcoFitUITests" */;
			buildPhases = (
				8D4E820F28D59BD800DD414D /* Sources */,
				8D4E821028D59BD800DD414D /* Frameworks */,
				8D4E821128D59BD800DD414D /* Resources */,
			);
			buildRules = (
			);
			dependencies = (
				8D4E821528D59BD800DD414D /* PBXTargetDependency */,
			);
			name = EcoFitUITests;
			productName = EcoFitUITests;
			productReference = 8D4E821328D59BD800DD414D /* EcoFitUITests.xctest */;
			productType = "com.apple.product-type.bundle.ui-testing";
		};
/* End PBXNativeTarget section */

/* Begin PBXProject section */
		8D4E81EB28D59BD700DD414D /* Project object */ = {
			isa = PBXProject;
			attributes = {
				BuildIndependentTargetsInParallel = 1;
				LastSwiftUpdateCheck = 1400;
				LastUpgradeCheck = 1400;
				TargetAttributes = {
					8D4E81F228D59BD700DD414D = {
						CreatedOnToolsVersion = 14.0;
					};
					8D4E820828D59BD700DD414D = {
						CreatedOnToolsVersion = 14.0;
						TestTargetID = 8D4E81F228D59BD700DD414D;
					};
					8D4E821228D59BD800DD414D = {
						CreatedOnToolsVersion = 14.0;
						TestTargetID = 8D4E81F228D59BD700DD414D;
					};
				};
			};
			buildConfigurationList = 8D4E81EE28D59BD700DD414D /* Build configuration list for PBXProject "EcoFit" */;
			compatibilityVersion = "Xcode 14.0";
			developmentRegion = en;
			hasScannedForEncodings = 0;
			knownRegions = (
				en,
				Base,
			);
			mainGroup = 8D4E81EA28D59BD700DD414D;
			productRefGroup = 8D4E81F428D59BD700DD414D /* Products */;
			projectDirPath = "";
			projectRoot = "";
			targets = (
				8D4E81F228D59BD700DD414D /* EcoFit */,
				8D4E820828D59BD700DD414D /* EcoFitTests */,
				8D4E821228D59BD800DD414D /* EcoFitUITests */,
			);
		};
/* End PBXProject section */

/* Begin PBXResourcesBuildPhase section */
		8D4E81F128D59BD700DD414D /* Resources */ = {
			isa = PBXResourcesBuildPhase;
			buildActionMask = 2147483647;
			files = (
				8D70001528D6461400085E03 /* NanumGothic.ttf in Resources */,
				8D4E820328D59BD700DD414D /* LaunchScreen.storyboard in Resources */,
				8D4E820028D59BD700DD414D /* Assets.xcassets in Resources */,
				8D70001628D6461400085E03 /* NanumGothicBold.ttf in Resources */,
				8D4E81FE28D59BD700DD414D /* Main.storyboard in Resources */,
			);
			runOnlyForDeploymentPostprocessing = 0;
		};
		8D4E820728D59BD700DD414D /* Resources */ = {
			isa = PBXResourcesBuildPhase;
			buildActionMask = 2147483647;
			files = (
			);
			runOnlyForDeploymentPostprocessing = 0;
		};
		8D4E821128D59BD800DD414D /* Resources */ = {
			isa = PBXResourcesBuildPhase;
			buildActionMask = 2147483647;
			files = (
			);
			runOnlyForDeploymentPostprocessing = 0;
		};
/* End PBXResourcesBuildPhase section */

/* Begin PBXSourcesBuildPhase section */
		8D4E81EF28D59BD700DD414D /* Sources */ = {
			isa = PBXSourcesBuildPhase;
			buildActionMask = 2147483647;
			files = (
				8D4E822E28D5B06400DD414D /* QuestCell.swift in Sources */,
				8D4E822C28D5AC6C00DD414D /* QuestData.swift in Sources */,
				8D4E822828D5AA0700DD414D /* QuestTableVC.swift in Sources */,
				8D70000928D6430100085E03 /* ProfileVC.swift in Sources */,
				8D70001828D6519A00085E03 /* GridCollectionViewCell.swift in Sources */,
				8D4E81FB28D59BD700DD414D /* ViewController.swift in Sources */,
				8D4E81F728D59BD700DD414D /* AppDelegate.swift in Sources */,
				8D70000728D5F13D00085E03 /* ItemCollectionVC.swift in Sources */,
				8D4E81F928D59BD700DD414D /* SceneDelegate.swift in Sources */,
				8D70000328D5D80E00085E03 /* DetailVC.swift in Sources */,
			);
			runOnlyForDeploymentPostprocessing = 0;
		};
		8D4E820528D59BD700DD414D /* Sources */ = {
			isa = PBXSourcesBuildPhase;
			buildActionMask = 2147483647;
			files = (
				8D4E820E28D59BD700DD414D /* EcoFitTests.swift in Sources */,
			);
			runOnlyForDeploymentPostprocessing = 0;
		};
		8D4E820F28D59BD800DD414D /* Sources */ = {
			isa = PBXSourcesBuildPhase;
			buildActionMask = 2147483647;
			files = (
				8D4E821A28D59BD800DD414D /* EcoFitUITestsLaunchTests.swift in Sources */,
				8D4E821828D59BD800DD414D /* EcoFitUITests.swift in Sources */,
			);
			runOnlyForDeploymentPostprocessing = 0;
		};
/* End PBXSourcesBuildPhase section */

/* Begin PBXTargetDependency section */
		8D4E820B28D59BD700DD414D /* PBXTargetDependency */ = {
			isa = PBXTargetDependency;
			target = 8D4E81F228D59BD700DD414D /* EcoFit */;
			targetProxy = 8D4E820A28D59BD700DD414D /* PBXContainerItemProxy */;
		};
		8D4E821528D59BD800DD414D /* PBXTargetDependency */ = {
			isa = PBXTargetDependency;
			target = 8D4E81F228D59BD700DD414D /* EcoFit */;
			targetProxy = 8D4E821428D59BD800DD414D /* PBXContainerItemProxy */;
		};
/* End PBXTargetDependency section */

/* Begin PBXVariantGroup section */
		8D4E81FC28D59BD700DD414D /* Main.storyboard */ = {
			isa = PBXVariantGroup;
			children = (
				8D4E81FD28D59BD700DD414D /* Base */,
			);
			name = Main.storyboard;
			sourceTree = "<group>";
		};
		8D4E820128D59BD700DD414D /* LaunchScreen.storyboard */ = {
			isa = PBXVariantGroup;
			children = (
				8D4E820228D59BD700DD414D /* Base */,
			);
			name = LaunchScreen.storyboard;
			sourceTree = "<group>";
		};
/* End PBXVariantGroup section */

/* Begin XCBuildConfiguration section */
		8D4E821B28D59BD800DD414D /* Debug */ = {
			isa = XCBuildConfiguration;
			buildSettings = {
				ALWAYS_SEARCH_USER_PATHS = NO;
				CLANG_ANALYZER_NONNULL = YES;
				CLANG_ANALYZER_NUMBER_OBJECT_CONVERSION = YES_AGGRESSIVE;
				CLANG_CXX_LANGUAGE_STANDARD = "gnu++20";
				CLANG_ENABLE_MODULES = YES;
				CLANG_ENABLE_OBJC_ARC = YES;
				CLANG_ENABLE_OBJC_WEAK = YES;
				CLANG_WARN_BLOCK_CAPTURE_AUTORELEASING = YES;
				CLANG_WARN_BOOL_CONVERSION = YES;
				CLANG_WARN_COMMA = YES;
				CLANG_WARN_CONSTANT_CONVERSION = YES;
				CLANG_WARN_DEPRECATED_OBJC_IMPLEMENTATIONS = YES;
				CLANG_WARN_DIRECT_OBJC_ISA_USAGE = YES_ERROR;
				CLANG_WARN_DOCUMENTATION_COMMENTS = YES;
				CLANG_WARN_EMPTY_BODY = YES;
				CLANG_WARN_ENUM_CONVERSION = YES;
				CLANG_WARN_INFINITE_RECURSION = YES;
				CLANG_WARN_INT_CONVERSION = YES;
				CLANG_WARN_NON_LITERAL_NULL_CONVERSION = YES;
				CLANG_WARN_OBJC_IMPLICIT_RETAIN_SELF = YES;
				CLANG_WARN_OBJC_LITERAL_CONVERSION = YES;
				CLANG_WARN_OBJC_ROOT_CLASS = YES_ERROR;
				CLANG_WARN_QUOTED_INCLUDE_IN_FRAMEWORK_HEADER = YES;
				CLANG_WARN_RANGE_LOOP_ANALYSIS = YES;
				CLANG_WARN_STRICT_PROTOTYPES = YES;
				CLANG_WARN_SUSPICIOUS_MOVE = YES;
				CLANG_WARN_UNGUARDED_AVAILABILITY = YES_AGGRESSIVE;
				CLANG_WARN_UNREACHABLE_CODE = YES;
				CLANG_WARN__DUPLICATE_METHOD_MATCH = YES;
				COPY_PHASE_STRIP = NO;
				DEBUG_INFORMATION_FORMAT = dwarf;
				ENABLE_STRICT_OBJC_MSGSEND = YES;
				ENABLE_TESTABILITY = YES;
				GCC_C_LANGUAGE_STANDARD = gnu11;
				GCC_DYNAMIC_NO_PIC = NO;
				GCC_NO_COMMON_BLOCKS = YES;
				GCC_OPTIMIZATION_LEVEL = 0;
				GCC_PREPROCESSOR_DEFINITIONS = (
					"DEBUG=1",
					"$(inherited)",
				);
				GCC_WARN_64_TO_32_BIT_CONVERSION = YES;
				GCC_WARN_ABOUT_RETURN_TYPE = YES_ERROR;
				GCC_WARN_UNDECLARED_SELECTOR = YES;
				GCC_WARN_UNINITIALIZED_AUTOS = YES_AGGRESSIVE;
				GCC_WARN_UNUSED_FUNCTION = YES;
				GCC_WARN_UNUSED_VARIABLE = YES;
				IPHONEOS_DEPLOYMENT_TARGET = 16.0;
				MTL_ENABLE_DEBUG_INFO = INCLUDE_SOURCE;
				MTL_FAST_MATH = YES;
				ONLY_ACTIVE_ARCH = YES;
				SDKROOT = iphoneos;
				SWIFT_ACTIVE_COMPILATION_CONDITIONS = DEBUG;
				SWIFT_OPTIMIZATION_LEVEL = "-Onone";
			};
			name = Debug;
		};
		8D4E821C28D59BD800DD414D /* Release */ = {
			isa = XCBuildConfiguration;
			buildSettings = {
				ALWAYS_SEARCH_USER_PATHS = NO;
				CLANG_ANALYZER_NONNULL = YES;
				CLANG_ANALYZER_NUMBER_OBJECT_CONVERSION = YES_AGGRESSIVE;
				CLANG_CXX_LANGUAGE_STANDARD = "gnu++20";
				CLANG_ENABLE_MODULES = YES;
				CLANG_ENABLE_OBJC_ARC = YES;
				CLANG_ENABLE_OBJC_WEAK = YES;
				CLANG_WARN_BLOCK_CAPTURE_AUTORELEASING = YES;
				CLANG_WARN_BOOL_CONVERSION = YES;
				CLANG_WARN_COMMA = YES;
				CLANG_WARN_CONSTANT_CONVERSION = YES;
				CLANG_WARN_DEPRECATED_OBJC_IMPLEMENTATIONS = YES;
				CLANG_WARN_DIRECT_OBJC_ISA_USAGE = YES_ERROR;
				CLANG_WARN_DOCUMENTATION_COMMENTS = YES;
				CLANG_WARN_EMPTY_BODY = YES;
				CLANG_WARN_ENUM_CONVERSION = YES;
				CLANG_WARN_INFINITE_RECURSION = YES;
				CLANG_WARN_INT_CONVERSION = YES;
				CLANG_WARN_NON_LITERAL_NULL_CONVERSION = YES;
				CLANG_WARN_OBJC_IMPLICIT_RETAIN_SELF = YES;
				CLANG_WARN_OBJC_LITERAL_CONVERSION = YES;
				CLANG_WARN_OBJC_ROOT_CLASS = YES_ERROR;
				CLANG_WARN_QUOTED_INCLUDE_IN_FRAMEWORK_HEADER = YES;
				CLANG_WARN_RANGE_LOOP_ANALYSIS = YES;
				CLANG_WARN_STRICT_PROTOTYPES = YES;
				CLANG_WARN_SUSPICIOUS_MOVE = YES;
				CLANG_WARN_UNGUARDED_AVAILABILITY = YES_AGGRESSIVE;
				CLANG_WARN_UNREACHABLE_CODE = YES;
				CLANG_WARN__DUPLICATE_METHOD_MATCH = YES;
				COPY_PHASE_STRIP = NO;
				DEBUG_INFORMATION_FORMAT = "dwarf-with-dsym";
				ENABLE_NS_ASSERTIONS = NO;
				ENABLE_STRICT_OBJC_MSGSEND = YES;
				GCC_C_LANGUAGE_STANDARD = gnu11;
				GCC_NO_COMMON_BLOCKS = YES;
				GCC_WARN_64_TO_32_BIT_CONVERSION = YES;
				GCC_WARN_ABOUT_RETURN_TYPE = YES_ERROR;
				GCC_WARN_UNDECLARED_SELECTOR = YES;
				GCC_WARN_UNINITIALIZED_AUTOS = YES_AGGRESSIVE;
				GCC_WARN_UNUSED_FUNCTION = YES;
				GCC_WARN_UNUSED_VARIABLE = YES;
				IPHONEOS_DEPLOYMENT_TARGET = 16.0;
				MTL_ENABLE_DEBUG_INFO = NO;
				MTL_FAST_MATH = YES;
				SDKROOT = iphoneos;
				SWIFT_COMPILATION_MODE = wholemodule;
				SWIFT_OPTIMIZATION_LEVEL = "-O";
				VALIDATE_PRODUCT = YES;
			};
			name = Release;
		};
		8D4E821E28D59BD800DD414D /* Debug */ = {
			isa = XCBuildConfiguration;
			buildSettings = {
				ASSETCATALOG_COMPILER_APPICON_NAME = AppIcon;
				ASSETCATALOG_COMPILER_GLOBAL_ACCENT_COLOR_NAME = AccentColor;
				CODE_SIGN_STYLE = Automatic;
				CURRENT_PROJECT_VERSION = 1;
				DEVELOPMENT_TEAM = 79KM28R566;
				GENERATE_INFOPLIST_FILE = YES;
				INFOPLIST_FILE = EcoFit/Info.plist;
				INFOPLIST_KEY_CFBundleDisplayName = EcoFit;
				INFOPLIST_KEY_UIApplicationSupportsIndirectInputEvents = YES;
				INFOPLIST_KEY_UILaunchStoryboardName = LaunchScreen;
				INFOPLIST_KEY_UIMainStoryboardFile = Main;
				INFOPLIST_KEY_UISupportedInterfaceOrientations_iPad = "UIInterfaceOrientationPortrait UIInterfaceOrientationPortraitUpsideDown UIInterfaceOrientationLandscapeLeft UIInterfaceOrientationLandscapeRight";
				INFOPLIST_KEY_UISupportedInterfaceOrientations_iPhone = "UIInterfaceOrientationPortrait UIInterfaceOrientationLandscapeLeft UIInterfaceOrientationLandscapeRight";
				LD_RUNPATH_SEARCH_PATHS = (
					"$(inherited)",
					"@executable_path/Frameworks",
				);
				MARKETING_VERSION = 1.0;
				PRODUCT_BUNDLE_IDENTIFIER = ruaProject.EcoFit;
				PRODUCT_NAME = "$(TARGET_NAME)";
				SWIFT_EMIT_LOC_STRINGS = YES;
				SWIFT_VERSION = 5.0;
				TARGETED_DEVICE_FAMILY = "1,2";
			};
			name = Debug;
		};
		8D4E821F28D59BD800DD414D /* Release */ = {
			isa = XCBuildConfiguration;
			buildSettings = {
				ASSETCATALOG_COMPILER_APPICON_NAME = AppIcon;
				ASSETCATALOG_COMPILER_GLOBAL_ACCENT_COLOR_NAME = AccentColor;
				CODE_SIGN_STYLE = Automatic;
				CURRENT_PROJECT_VERSION = 1;
				DEVELOPMENT_TEAM = 79KM28R566;
				GENERATE_INFOPLIST_FILE = YES;
				INFOPLIST_FILE = EcoFit/Info.plist;
				INFOPLIST_KEY_CFBundleDisplayName = EcoFit;
				INFOPLIST_KEY_UIApplicationSupportsIndirectInputEvents = YES;
				INFOPLIST_KEY_UILaunchStoryboardName = LaunchScreen;
				INFOPLIST_KEY_UIMainStoryboardFile = Main;
				INFOPLIST_KEY_UISupportedInterfaceOrientations_iPad = "UIInterfaceOrientationPortrait UIInterfaceOrientationPortraitUpsideDown UIInterfaceOrientationLandscapeLeft UIInterfaceOrientationLandscapeRight";
				INFOPLIST_KEY_UISupportedInterfaceOrientations_iPhone = "UIInterfaceOrientationPortrait UIInterfaceOrientationLandscapeLeft UIInterfaceOrientationLandscapeRight";
				LD_RUNPATH_SEARCH_PATHS = (
					"$(inherited)",
					"@executable_path/Frameworks",
				);
				MARKETING_VERSION = 1.0;
				PRODUCT_BUNDLE_IDENTIFIER = ruaProject.EcoFit;
				PRODUCT_NAME = "$(TARGET_NAME)";
				SWIFT_EMIT_LOC_STRINGS = YES;
				SWIFT_VERSION = 5.0;
				TARGETED_DEVICE_FAMILY = "1,2";
			};
			name = Release;
		};
		8D4E822128D59BD800DD414D /* Debug */ = {
			isa = XCBuildConfiguration;
			buildSettings = {
				ALWAYS_EMBED_SWIFT_STANDARD_LIBRARIES = YES;
				BUNDLE_LOADER = "$(TEST_HOST)";
				CODE_SIGN_STYLE = Automatic;
				CURRENT_PROJECT_VERSION = 1;
				DEVELOPMENT_TEAM = 79KM28R566;
				GENERATE_INFOPLIST_FILE = YES;
				IPHONEOS_DEPLOYMENT_TARGET = 16.0;
				MARKETING_VERSION = 1.0;
				PRODUCT_BUNDLE_IDENTIFIER = ruaProject.EcoFitTests;
				PRODUCT_NAME = "$(TARGET_NAME)";
				SWIFT_EMIT_LOC_STRINGS = NO;
				SWIFT_VERSION = 5.0;
				TARGETED_DEVICE_FAMILY = "1,2";
				TEST_HOST = "$(BUILT_PRODUCTS_DIR)/EcoFit.app/$(BUNDLE_EXECUTABLE_FOLDER_PATH)/EcoFit";
			};
			name = Debug;
		};
		8D4E822228D59BD800DD414D /* Release */ = {
			isa = XCBuildConfiguration;
			buildSettings = {
				ALWAYS_EMBED_SWIFT_STANDARD_LIBRARIES = YES;
				BUNDLE_LOADER = "$(TEST_HOST)";
				CODE_SIGN_STYLE = Automatic;
				CURRENT_PROJECT_VERSION = 1;
				DEVELOPMENT_TEAM = 79KM28R566;
				GENERATE_INFOPLIST_FILE = YES;
				IPHONEOS_DEPLOYMENT_TARGET = 16.0;
				MARKETING_VERSION = 1.0;
				PRODUCT_BUNDLE_IDENTIFIER = ruaProject.EcoFitTests;
				PRODUCT_NAME = "$(TARGET_NAME)";
				SWIFT_EMIT_LOC_STRINGS = NO;
				SWIFT_VERSION = 5.0;
				TARGETED_DEVICE_FAMILY = "1,2";
				TEST_HOST = "$(BUILT_PRODUCTS_DIR)/EcoFit.app/$(BUNDLE_EXECUTABLE_FOLDER_PATH)/EcoFit";
			};
			name = Release;
		};
		8D4E822428D59BD800DD414D /* Debug */ = {
			isa = XCBuildConfiguration;
			buildSettings = {
				ALWAYS_EMBED_SWIFT_STANDARD_LIBRARIES = YES;
				CODE_SIGN_STYLE = Automatic;
				CURRENT_PROJECT_VERSION = 1;
				DEVELOPMENT_TEAM = 79KM28R566;
				GENERATE_INFOPLIST_FILE = YES;
				MARKETING_VERSION = 1.0;
				PRODUCT_BUNDLE_IDENTIFIER = ruaProject.EcoFitUITests;
				PRODUCT_NAME = "$(TARGET_NAME)";
				SWIFT_EMIT_LOC_STRINGS = NO;
				SWIFT_VERSION = 5.0;
				TARGETED_DEVICE_FAMILY = "1,2";
				TEST_TARGET_NAME = EcoFit;
			};
			name = Debug;
		};
		8D4E822528D59BD800DD414D /* Release */ = {
			isa = XCBuildConfiguration;
			buildSettings = {
				ALWAYS_EMBED_SWIFT_STANDARD_LIBRARIES = YES;
				CODE_SIGN_STYLE = Automatic;
				CURRENT_PROJECT_VERSION = 1;
				DEVELOPMENT_TEAM = 79KM28R566;
				GENERATE_INFOPLIST_FILE = YES;
				MARKETING_VERSION = 1.0;
				PRODUCT_BUNDLE_IDENTIFIER = ruaProject.EcoFitUITests;
				PRODUCT_NAME = "$(TARGET_NAME)";
				SWIFT_EMIT_LOC_STRINGS = NO;
				SWIFT_VERSION = 5.0;
				TARGETED_DEVICE_FAMILY = "1,2";
				TEST_TARGET_NAME = EcoFit;
			};
			name = Release;
		};
/* End XCBuildConfiguration section */

/* Begin XCConfigurationList section */
		8D4E81EE28D59BD700DD414D /* Build configuration list for PBXProject "EcoFit" */ = {
			isa = XCConfigurationList;
			buildConfigurations = (
				8D4E821B28D59BD800DD414D /* Debug */,
				8D4E821C28D59BD800DD414D /* Release */,
			);
			defaultConfigurationIsVisible = 0;
			defaultConfigurationName = Release;
		};
		8D4E821D28D59BD800DD414D /* Build configuration list for PBXNativeTarget "EcoFit" */ = {
			isa = XCConfigurationList;
			buildConfigurations = (
				8D4E821E28D59BD800DD414D /* Debug */,
				8D4E821F28D59BD800DD414D /* Release */,
			);
			defaultConfigurationIsVisible = 0;
			defaultConfigurationName = Release;
		};
		8D4E822028D59BD800DD414D /* Build configuration list for PBXNativeTarget "EcoFitTests" */ = {
			isa = XCConfigurationList;
			buildConfigurations = (
				8D4E822128D59BD800DD414D /* Debug */,
				8D4E822228D59BD800DD414D /* Release */,
			);
			defaultConfigurationIsVisible = 0;
			defaultConfigurationName = Release;
		};
		8D4E822328D59BD800DD414D /* Build configuration list for PBXNativeTarget "EcoFitUITests" */ = {
			isa = XCConfigurationList;
			buildConfigurations = (
				8D4E822428D59BD800DD414D /* Debug */,
				8D4E822528D59BD800DD414D /* Release */,
			);
			defaultConfigurationIsVisible = 0;
			defaultConfigurationName = Release;
		};
/* End XCConfigurationList section */
	};
	rootObject = 8D4E81EB28D59BD700DD414D /* Project object */;
}
